{
  "name": "app",
  "lockfileVersion": 2,
  "requires": true,
  "packages": {
    "": {
      "dependencies": {
        "esbuild": "^0.16.6",
        "unpoly": "^2.7.1"
      }
    },
    "node_modules/@esbuild/linux-arm64": {
      "version": "0.16.6",
      "resolved": "https://registry.yarnpkg.com/@esbuild/linux-arm64/-/linux-arm64-0.16.6.tgz",
      "integrity": "sha512-1h2EyMOB9X2VfFzBv4/Xo+OcGj3fmZEwvGxOdDRPxSP8ZVQiqc4XesCVur85VjP0MLPC+y7PioDc/uWpwFadFw==",
      "cpu": [
        "arm64"
      ],
      "license": "MIT",
      "optional": true,
      "os": [
        "linux"
      ],
      "engines": {
        "node": ">=12"
      }
    },
    "node_modules/esbuild": {
      "version": "0.16.6",
      "resolved": "https://registry.yarnpkg.com/esbuild/-/esbuild-0.16.6.tgz",
      "integrity": "sha512-0Fn9lUX1yy2iP56L0BDAgnQFJfkDICdYZ0Xm6Kgdwa72AkHoKX0egau/ZIROYdjJWPLJtl9bDuW7Xs56TuKPhQ==",
      "hasInstallScript": true,
      "license": "MIT",
      "dependencies": {
        "@esbuild/android-arm": "0.16.6",
        "@esbuild/android-arm64": "0.16.6",
        "@esbuild/android-x64": "0.16.6",
        "@esbuild/darwin-arm64": "0.16.6",
        "@esbuild/darwin-x64": "0.16.6",
        "@esbuild/freebsd-arm64": "0.16.6",
        "@esbuild/freebsd-x64": "0.16.6",
        "@esbuild/linux-arm": "0.16.6",
        "@esbuild/linux-arm64": "0.16.6",
        "@esbuild/linux-ia32": "0.16.6",
        "@esbuild/linux-loong64": "0.16.6",
        "@esbuild/linux-mips64el": "0.16.6",
        "@esbuild/linux-ppc64": "0.16.6",
        "@esbuild/linux-riscv64": "0.16.6",
        "@esbuild/linux-s390x": "0.16.6",
        "@esbuild/linux-x64": "0.16.6",
        "@esbuild/netbsd-x64": "0.16.6",
        "@esbuild/openbsd-x64": "0.16.6",
        "@esbuild/sunos-x64": "0.16.6",
        "@esbuild/win32-arm64": "0.16.6",
        "@esbuild/win32-ia32": "0.16.6",
        "@esbuild/win32-x64": "0.16.6"
      },
      "bin": {
        "esbuild": "bin/esbuild"
      },
      "engines": {
        "node": ">=12"
      },
      "optionalDependencies": {
        "@esbuild/android-arm": "0.16.6",
        "@esbuild/android-arm64": "0.16.6",
        "@esbuild/android-x64": "0.16.6",
        "@esbuild/darwin-arm64": "0.16.6",
        "@esbuild/darwin-x64": "0.16.6",
        "@esbuild/freebsd-arm64": "0.16.6",
        "@esbuild/freebsd-x64": "0.16.6",
        "@esbuild/linux-arm": "0.16.6",
        "@esbuild/linux-arm64": "0.16.6",
        "@esbuild/linux-ia32": "0.16.6",
        "@esbuild/linux-loong64": "0.16.6",
        "@esbuild/linux-mips64el": "0.16.6",
        "@esbuild/linux-ppc64": "0.16.6",
        "@esbuild/linux-riscv64": "0.16.6",
        "@esbuild/linux-s390x": "0.16.6",
        "@esbuild/linux-x64": "0.16.6",
        "@esbuild/netbsd-x64": "0.16.6",
        "@esbuild/openbsd-x64": "0.16.6",
        "@esbuild/sunos-x64": "0.16.6",
        "@esbuild/win32-arm64": "0.16.6",
        "@esbuild/win32-ia32": "0.16.6",
        "@esbuild/win32-x64": "0.16.6"
      }
    },
    "node_modules/unpoly": {
      "version": "2.7.1",
      "resolved": "https://registry.npmjs.org/unpoly/-/unpoly-2.7.1.tgz",
      "integrity": "sha512-Ks1Y0XGklTC9Sro4r+HItT8lK3gfhxoG5/T1Yq0rjk92uR0ehUhOmr/dpHx1u9+cz6L2SMP+IGMF4QhixukEzA=="
    }
  },
  "dependencies": {
    "@esbuild/linux-arm64": {
      "version": "0.16.6",
      "resolved": "https://registry.yarnpkg.com/@esbuild/linux-arm64/-/linux-arm64-0.16.6.tgz",
      "integrity": "sha512-1h2EyMOB9X2VfFzBv4/Xo+OcGj3fmZEwvGxOdDRPxSP8ZVQiqc4XesCVur85VjP0MLPC+y7PioDc/uWpwFadFw==",
      "optional": true
    },
    "esbuild": {
      "version": "0.16.6",
      "resolved": "https://registry.yarnpkg.com/esbuild/-/esbuild-0.16.6.tgz",
      "integrity": "sha512-0Fn9lUX1yy2iP56L0BDAgnQFJfkDICdYZ0Xm6Kgdwa72AkHoKX0egau/ZIROYdjJWPLJtl9bDuW7Xs56TuKPhQ==",
      "requires": {
        "@esbuild/android-arm": "0.16.6",
        "@esbuild/android-arm64": "0.16.6",
        "@esbuild/android-x64": "0.16.6",
        "@esbuild/darwin-arm64": "0.16.6",
        "@esbuild/darwin-x64": "0.16.6",
        "@esbuild/freebsd-arm64": "0.16.6",
        "@esbuild/freebsd-x64": "0.16.6",
        "@esbuild/linux-arm": "0.16.6",
        "@esbuild/linux-arm64": "0.16.6",
        "@esbuild/linux-ia32": "0.16.6",
        "@esbuild/linux-loong64": "0.16.6",
        "@esbuild/linux-mips64el": "0.16.6",
        "@esbuild/linux-ppc64": "0.16.6",
        "@esbuild/linux-riscv64": "0.16.6",
        "@esbuild/linux-s390x": "0.16.6",
        "@esbuild/linux-x64": "0.16.6",
        "@esbuild/netbsd-x64": "0.16.6",
        "@esbuild/openbsd-x64": "0.16.6",
        "@esbuild/sunos-x64": "0.16.6",
        "@esbuild/win32-arm64": "0.16.6",
        "@esbuild/win32-ia32": "0.16.6",
        "@esbuild/win32-x64": "0.16.6"
      }
    },
    "unpoly": {
      "version": "2.7.1",
      "resolved": "https://registry.npmjs.org/unpoly/-/unpoly-2.7.1.tgz",
      "integrity": "sha512-Ks1Y0XGklTC9Sro4r+HItT8lK3gfhxoG5/T1Yq0rjk92uR0ehUhOmr/dpHx1u9+cz6L2SMP+IGMF4QhixukEzA=="
    }
  }
}
